// !$*UTF8*$!
{
	archiveVersion = 1;
	classes = {
	};
	objectVersion = 50;
	objects = {

/* Begin PBXBuildFile section */
		AE1B11AB25D2EA9100FDC346 /* AppDelegate.swift in Sources */ = {isa = PBXBuildFile; fileRef = AE1B11AA25D2EA9100FDC346 /* AppDelegate.swift */; };
		AE1B11AD25D2EA9100FDC346 /* SceneDelegate.swift in Sources */ = {isa = PBXBuildFile; fileRef = AE1B11AC25D2EA9100FDC346 /* SceneDelegate.swift */; };
		AE1B11AF25D2EA9100FDC346 /* AuthorizationViewController.swift in Sources */ = {isa = PBXBuildFile; fileRef = AE1B11AE25D2EA9100FDC346 /* AuthorizationViewController.swift */; };
		AE1B11B225D2EA9100FDC346 /* Main.storyboard in Resources */ = {isa = PBXBuildFile; fileRef = AE1B11B025D2EA9100FDC346 /* Main.storyboard */; };
		AE1B11B425D2EA9200FDC346 /* Assets.xcassets in Resources */ = {isa = PBXBuildFile; fileRef = AE1B11B325D2EA9200FDC346 /* Assets.xcassets */; };
		AE1B11B725D2EA9200FDC346 /* LaunchScreen.storyboard in Resources */ = {isa = PBXBuildFile; fileRef = AE1B11B525D2EA9200FDC346 /* LaunchScreen.storyboard */; };
		AE1B11C325D2EAC000FDC346 /* TwitterDataService.swift in Sources */ = {isa = PBXBuildFile; fileRef = AE1B11C225D2EAC000FDC346 /* TwitterDataService.swift */; };
		AE1B11C825D2EAF100FDC346 /* Tweet.swift in Sources */ = {isa = PBXBuildFile; fileRef = AE1B11C725D2EAF100FDC346 /* Tweet.swift */; };
		AE1B11CB25D2EB8600FDC346 /* TweetCell.swift in Sources */ = {isa = PBXBuildFile; fileRef = AE1B11CA25D2EB8600FDC346 /* TweetCell.swift */; };
		AE1B11CE25D2EC1800FDC346 /* TwitterViewController.swift in Sources */ = {isa = PBXBuildFile; fileRef = AE1B11CD25D2EC1800FDC346 /* TwitterViewController.swift */; };
		AE79636A25D2F2BE00DB12E0 /* AuthorizationService.swift in Sources */ = {isa = PBXBuildFile; fileRef = AE79636925D2F2BE00DB12E0 /* AuthorizationService.swift */; };
		AE85907125DC16390023C717 /* TwitterViewModel.swift in Sources */ = {isa = PBXBuildFile; fileRef = AE85907025DC16390023C717 /* TwitterViewModel.swift */; };
		AE85907625DC1C6D0023C717 /* PhoneNumberController.swift in Sources */ = {isa = PBXBuildFile; fileRef = AE85907525DC1C6D0023C717 /* PhoneNumberController.swift */; };
		AE85907B25DC1DCB0023C717 /* AuthorizationCoordinator.swift in Sources */ = {isa = PBXBuildFile; fileRef = AE85907A25DC1DCB0023C717 /* AuthorizationCoordinator.swift */; };
		AE85907E25DC20050023C717 /* TwitterCoordinator.swift in Sources */ = {isa = PBXBuildFile; fileRef = AE85907D25DC20050023C717 /* TwitterCoordinator.swift */; };
		AE85908E25DC31630023C717 /* TwitterService.swift in Sources */ = {isa = PBXBuildFile; fileRef = AE85908D25DC31630023C717 /* TwitterService.swift */; };
		AE85909325DC31F40023C717 /* MockAuthorizationService.swift in Sources */ = {isa = PBXBuildFile; fileRef = AE85909225DC31F40023C717 /* MockAuthorizationService.swift */; };
		AEA271932625EBF100CB8577 /* User.swift in Sources */ = {isa = PBXBuildFile; fileRef = AEA271922625EBF100CB8577 /* User.swift */; };
		AEA271962625ED0500CB8577 /* ApplicationCoordinator.swift in Sources */ = {isa = PBXBuildFile; fileRef = AEA271952625ED0500CB8577 /* ApplicationCoordinator.swift */; };
		AEA2719A2626053D00CB8577 /* PostViewController.swift in Sources */ = {isa = PBXBuildFile; fileRef = AEA271992626053D00CB8577 /* PostViewController.swift */; };
/* End PBXBuildFile section */

/* Begin PBXFileReference section */
		AE1B11A725D2EA9100FDC346 /* Twitter.app */ = {isa = PBXFileReference; explicitFileType = wrapper.application; includeInIndex = 0; path = Twitter.app; sourceTree = BUILT_PRODUCTS_DIR; };
		AE1B11AA25D2EA9100FDC346 /* AppDelegate.swift */ = {isa = PBXFileReference; lastKnownFileType = sourcecode.swift; path = AppDelegate.swift; sourceTree = "<group>"; };
		AE1B11AC25D2EA9100FDC346 /* SceneDelegate.swift */ = {isa = PBXFileReference; lastKnownFileType = sourcecode.swift; path = SceneDelegate.swift; sourceTree = "<group>"; };
		AE1B11AE25D2EA9100FDC346 /* AuthorizationViewController.swift */ = {isa = PBXFileReference; lastKnownFileType = sourcecode.swift; path = AuthorizationViewController.swift; sourceTree = "<group>"; };
		AE1B11B125D2EA9100FDC346 /* Base */ = {isa = PBXFileReference; lastKnownFileType = file.storyboard; name = Base; path = Base.lproj/Main.storyboard; sourceTree = "<group>"; };
		AE1B11B325D2EA9200FDC346 /* Assets.xcassets */ = {isa = PBXFileReference; lastKnownFileType = folder.assetcatalog; path = Assets.xcassets; sourceTree = "<group>"; };
		AE1B11B625D2EA9200FDC346 /* Base */ = {isa = PBXFileReference; lastKnownFileType = file.storyboard; name = Base; path = Base.lproj/LaunchScreen.storyboard; sourceTree = "<group>"; };
		AE1B11B825D2EA9200FDC346 /* Info.plist */ = {isa = PBXFileReference; lastKnownFileType = text.plist.xml; path = Info.plist; sourceTree = "<group>"; };
		AE1B11C225D2EAC000FDC346 /* TwitterDataService.swift */ = {isa = PBXFileReference; lastKnownFileType = sourcecode.swift; path = TwitterDataService.swift; sourceTree = "<group>"; };
		AE1B11C725D2EAF100FDC346 /* Tweet.swift */ = {isa = PBXFileReference; lastKnownFileType = sourcecode.swift; path = Tweet.swift; sourceTree = "<group>"; };
		AE1B11CA25D2EB8600FDC346 /* TweetCell.swift */ = {isa = PBXFileReference; lastKnownFileType = sourcecode.swift; path = TweetCell.swift; sourceTree = "<group>"; };
		AE1B11CD25D2EC1800FDC346 /* TwitterViewController.swift */ = {isa = PBXFileReference; lastKnownFileType = sourcecode.swift; path = TwitterViewController.swift; sourceTree = "<group>"; };
		AE79636925D2F2BE00DB12E0 /* AuthorizationService.swift */ = {isa = PBXFileReference; lastKnownFileType = sourcecode.swift; path = AuthorizationService.swift; sourceTree = "<group>"; };
		AE85907025DC16390023C717 /* TwitterViewModel.swift */ = {isa = PBXFileReference; lastKnownFileType = sourcecode.swift; path = TwitterViewModel.swift; sourceTree = "<group>"; };
		AE85907525DC1C6D0023C717 /* PhoneNumberController.swift */ = {isa = PBXFileReference; lastKnownFileType = sourcecode.swift; path = PhoneNumberController.swift; sourceTree = "<group>"; };
		AE85907A25DC1DCB0023C717 /* AuthorizationCoordinator.swift */ = {isa = PBXFileReference; lastKnownFileType = sourcecode.swift; path = AuthorizationCoordinator.swift; sourceTree = "<group>"; };
		AE85907D25DC20050023C717 /* TwitterCoordinator.swift */ = {isa = PBXFileReference; lastKnownFileType = sourcecode.swift; path = TwitterCoordinator.swift; sourceTree = "<group>"; };
		AE85908D25DC31630023C717 /* TwitterService.swift */ = {isa = PBXFileReference; lastKnownFileType = sourcecode.swift; path = TwitterService.swift; sourceTree = "<group>"; };
		AE85909225DC31F40023C717 /* MockAuthorizationService.swift */ = {isa = PBXFileReference; lastKnownFileType = sourcecode.swift; path = MockAuthorizationService.swift; sourceTree = "<group>"; };
		AEA271922625EBF100CB8577 /* User.swift */ = {isa = PBXFileReference; lastKnownFileType = sourcecode.swift; path = User.swift; sourceTree = "<group>"; };
		AEA271952625ED0500CB8577 /* ApplicationCoordinator.swift */ = {isa = PBXFileReference; lastKnownFileType = sourcecode.swift; path = ApplicationCoordinator.swift; sourceTree = "<group>"; };
		AEA271992626053D00CB8577 /* PostViewController.swift */ = {isa = PBXFileReference; lastKnownFileType = sourcecode.swift; path = PostViewController.swift; sourceTree = "<group>"; };
/* End PBXFileReference section */

/* Begin PBXFrameworksBuildPhase section */
		AE1B11A425D2EA9100FDC346 /* Frameworks */ = {
			isa = PBXFrameworksBuildPhase;
			buildActionMask = 2147483647;
			files = (
			);
			runOnlyForDeploymentPostprocessing = 0;
		};
/* End PBXFrameworksBuildPhase section */

/* Begin PBXGroup section */
		AE1B119E25D2EA9100FDC346 = {
			isa = PBXGroup;
			children = (
				AE1B11A925D2EA9100FDC346 /* Twitter */,
				AE1B11A825D2EA9100FDC346 /* Products */,
			);
			sourceTree = "<group>";
		};
		AE1B11A825D2EA9100FDC346 /* Products */ = {
			isa = PBXGroup;
			children = (
				AE1B11A725D2EA9100FDC346 /* Twitter.app */,
			);
			name = Products;
			sourceTree = "<group>";
		};
		AE1B11A925D2EA9100FDC346 /* Twitter */ = {
			isa = PBXGroup;
			children = (
				AE85908125DC2C560023C717 /* Presentation */,
				AE85908B25DC2CF70023C717 /* Models */,
				AE1B11BF25D2EA9F00FDC346 /* Service */,
				AE1B11AA25D2EA9100FDC346 /* AppDelegate.swift */,
				AEA271952625ED0500CB8577 /* ApplicationCoordinator.swift */,
				AE1B11AC25D2EA9100FDC346 /* SceneDelegate.swift */,
				AE1B11B025D2EA9100FDC346 /* Main.storyboard */,
				AE1B11B325D2EA9200FDC346 /* Assets.xcassets */,
				AE1B11B525D2EA9200FDC346 /* LaunchScreen.storyboard */,
				AE1B11B825D2EA9200FDC346 /* Info.plist */,
			);
			path = Twitter;
			sourceTree = "<group>";
		};
		AE1B11BF25D2EA9F00FDC346 /* Service */ = {
			isa = PBXGroup;
			children = (
				AE85909125DC31C10023C717 /* Authorization */,
				AE85908C25DC31560023C717 /* Twitter */,
			);
			path = Service;
			sourceTree = "<group>";
		};
		AE85908125DC2C560023C717 /* Presentation */ = {
			isa = PBXGroup;
			children = (
				AE85908325DC2C720023C717 /* TwitterFeed */,
				AE85908225DC2C5E0023C717 /* Authorization */,
			);
			path = Presentation;
			sourceTree = "<group>";
		};
		AE85908225DC2C5E0023C717 /* Authorization */ = {
			isa = PBXGroup;
			children = (
				AE85907A25DC1DCB0023C717 /* AuthorizationCoordinator.swift */,
				AE85908425DC2C990023C717 /* ViewControllers */,
			);
			path = Authorization;
			sourceTree = "<group>";
		};
		AE85908325DC2C720023C717 /* TwitterFeed */ = {
			isa = PBXGroup;
			children = (
				AE85907D25DC20050023C717 /* TwitterCoordinator.swift */,
				AE85908625DC2CAF0023C717 /* TwitterFeed */,
			);
			path = TwitterFeed;
			sourceTree = "<group>";
		};
		AE85908425DC2C990023C717 /* ViewControllers */ = {
			isa = PBXGroup;
			children = (
				AE1B11AE25D2EA9100FDC346 /* AuthorizationViewController.swift */,
				AE85907525DC1C6D0023C717 /* PhoneNumberController.swift */,
			);
			path = ViewControllers;
			sourceTree = "<group>";
		};
		AE85908625DC2CAF0023C717 /* TwitterFeed */ = {
			isa = PBXGroup;
			children = (
				AE85908825DC2CB60023C717 /* Views */,
				AE85907025DC16390023C717 /* TwitterViewModel.swift */,
				AE1B11CD25D2EC1800FDC346 /* TwitterViewController.swift */,
				AEA271992626053D00CB8577 /* PostViewController.swift */,
			);
			path = TwitterFeed;
			sourceTree = "<group>";
		};
		AE85908825DC2CB60023C717 /* Views */ = {
			isa = PBXGroup;
			children = (
				AE1B11CA25D2EB8600FDC346 /* TweetCell.swift */,
			);
			path = Views;
			sourceTree = "<group>";
		};
		AE85908B25DC2CF70023C717 /* Models */ = {
			isa = PBXGroup;
			children = (
				AEA271922625EBF100CB8577 /* User.swift */,
				AE1B11C725D2EAF100FDC346 /* Tweet.swift */,
			);
			path = Models;
			sourceTree = "<group>";
		};
		AE85908C25DC31560023C717 /* Twitter */ = {
			isa = PBXGroup;
			children = (
				AE85908D25DC31630023C717 /* TwitterService.swift */,
				AE1B11C225D2EAC000FDC346 /* TwitterDataService.swift */,
			);
			path = Twitter;
			sourceTree = "<group>";
		};
		AE85909125DC31C10023C717 /* Authorization */ = {
			isa = PBXGroup;
			children = (
				AE79636925D2F2BE00DB12E0 /* AuthorizationService.swift */,
				AE85909225DC31F40023C717 /* MockAuthorizationService.swift */,
			);
			path = Authorization;
			sourceTree = "<group>";
		};
/* End PBXGroup section */

/* Begin PBXNativeTarget section */
		AE1B11A625D2EA9100FDC346 /* Twitter */ = {
			isa = PBXNativeTarget;
			buildConfigurationList = AE1B11BB25D2EA9200FDC346 /* Build configuration list for PBXNativeTarget "Twitter" */;
			buildPhases = (
				AE1B11A325D2EA9100FDC346 /* Sources */,
				AE1B11A425D2EA9100FDC346 /* Frameworks */,
				AE1B11A525D2EA9100FDC346 /* Resources */,
			);
			buildRules = (
			);
			dependencies = (
			);
			name = Twitter;
			productName = Twitter;
			productReference = AE1B11A725D2EA9100FDC346 /* Twitter.app */;
			productType = "com.apple.product-type.application";
		};
/* End PBXNativeTarget section */

/* Begin PBXProject section */
		AE1B119F25D2EA9100FDC346 /* Project object */ = {
			isa = PBXProject;
			attributes = {
				LastSwiftUpdateCheck = 1240;
				LastUpgradeCheck = 1240;
				TargetAttributes = {
					AE1B11A625D2EA9100FDC346 = {
						CreatedOnToolsVersion = 12.4;
					};
				};
			};
			buildConfigurationList = AE1B11A225D2EA9100FDC346 /* Build configuration list for PBXProject "Twitter" */;
			compatibilityVersion = "Xcode 9.3";
			developmentRegion = en;
			hasScannedForEncodings = 0;
			knownRegions = (
				en,
				Base,
			);
			mainGroup = AE1B119E25D2EA9100FDC346;
			productRefGroup = AE1B11A825D2EA9100FDC346 /* Products */;
			projectDirPath = "";
			projectRoot = "";
			targets = (
				AE1B11A625D2EA9100FDC346 /* Twitter */,
			);
		};
/* End PBXProject section */

/* Begin PBXResourcesBuildPhase section */
		AE1B11A525D2EA9100FDC346 /* Resources */ = {
			isa = PBXResourcesBuildPhase;
			buildActionMask = 2147483647;
			files = (
				AE1B11B725D2EA9200FDC346 /* LaunchScreen.storyboard in Resources */,
				AE1B11B425D2EA9200FDC346 /* Assets.xcassets in Resources */,
				AE1B11B225D2EA9100FDC346 /* Main.storyboard in Resources */,
			);
			runOnlyForDeploymentPostprocessing = 0;
		};
/* End PBXResourcesBuildPhase section */

/* Begin PBXSourcesBuildPhase section */
		AE1B11A325D2EA9100FDC346 /* Sources */ = {
			isa = PBXSourcesBuildPhase;
			buildActionMask = 2147483647;
			files = (
				AE1B11AF25D2EA9100FDC346 /* AuthorizationViewController.swift in Sources */,
				AE1B11C825D2EAF100FDC346 /* Tweet.swift in Sources */,
				AE85908E25DC31630023C717 /* TwitterService.swift in Sources */,
				AEA2719A2626053D00CB8577 /* PostViewController.swift in Sources */,
				AE85907E25DC20050023C717 /* TwitterCoordinator.swift in Sources */,
				AE1B11C325D2EAC000FDC346 /* TwitterDataService.swift in Sources */,
				AE85907125DC16390023C717 /* TwitterViewModel.swift in Sources */,
				AE1B11CB25D2EB8600FDC346 /* TweetCell.swift in Sources */,
				AE85909325DC31F40023C717 /* MockAuthorizationService.swift in Sources */,
				AEA271932625EBF100CB8577 /* User.swift in Sources */,
				AE1B11AB25D2EA9100FDC346 /* AppDelegate.swift in Sources */,
				AE1B11AD25D2EA9100FDC346 /* SceneDelegate.swift in Sources */,
				AE1B11CE25D2EC1800FDC346 /* TwitterViewController.swift in Sources */,
				AE79636A25D2F2BE00DB12E0 /* AuthorizationService.swift in Sources */,
				AE85907625DC1C6D0023C717 /* PhoneNumberController.swift in Sources */,
				AE85907B25DC1DCB0023C717 /* AuthorizationCoordinator.swift in Sources */,
				AEA271962625ED0500CB8577 /* ApplicationCoordinator.swift in Sources */,
			);
			runOnlyForDeploymentPostprocessing = 0;
		};
/* End PBXSourcesBuildPhase section */

/* Begin PBXVariantGroup section */
		AE1B11B025D2EA9100FDC346 /* Main.storyboard */ = {
			isa = PBXVariantGroup;
			children = (
				AE1B11B125D2EA9100FDC346 /* Base */,
			);
			name = Main.storyboard;
			sourceTree = "<group>";
		};
		AE1B11B525D2EA9200FDC346 /* LaunchScreen.storyboard */ = {
			isa = PBXVariantGroup;
			children = (
				AE1B11B625D2EA9200FDC346 /* Base */,
			);
			name = LaunchScreen.storyboard;
			sourceTree = "<group>";
		};
/* End PBXVariantGroup section */

/* Begin XCBuildConfiguration section */
		AE1B11B925D2EA9200FDC346 /* Debug */ = {
			isa = XCBuildConfiguration;
			buildSettings = {
				ALWAYS_SEARCH_USER_PATHS = NO;
				CLANG_ANALYZER_NONNULL = YES;
				CLANG_ANALYZER_NUMBER_OBJECT_CONVERSION = YES_AGGRESSIVE;
				CLANG_CXX_LANGUAGE_STANDARD = "gnu++14";
				CLANG_CXX_LIBRARY = "libc++";
				CLANG_ENABLE_MODULES = YES;
				CLANG_ENABLE_OBJC_ARC = YES;
				CLANG_ENABLE_OBJC_WEAK = YES;
				CLANG_WARN_BLOCK_CAPTURE_AUTORELEASING = YES;
				CLANG_WARN_BOOL_CONVERSION = YES;
				CLANG_WARN_COMMA = YES;
				CLANG_WARN_CONSTANT_CONVERSION = YES;
				CLANG_WARN_DEPRECATED_OBJC_IMPLEMENTATIONS = YES;
				CLANG_WARN_DIRECT_OBJC_ISA_USAGE = YES_ERROR;
				CLANG_WARN_DOCUMENTATION_COMMENTS = YES;
				CLANG_WARN_EMPTY_BODY = YES;
				CLANG_WARN_ENUM_CONVERSION = YES;
				CLANG_WARN_INFINITE_RECURSION = YES;
				CLANG_WARN_INT_CONVERSION = YES;
				CLANG_WARN_NON_LITERAL_NULL_CONVERSION = YES;
				CLANG_WARN_OBJC_IMPLICIT_RETAIN_SELF = YES;
				CLANG_WARN_OBJC_LITERAL_CONVERSION = YES;
				CLANG_WARN_OBJC_ROOT_CLASS = YES_ERROR;
				CLANG_WARN_QUOTED_INCLUDE_IN_FRAMEWORK_HEADER = YES;
				CLANG_WARN_RANGE_LOOP_ANALYSIS = YES;
				CLANG_WARN_STRICT_PROTOTYPES = YES;
				CLANG_WARN_SUSPICIOUS_MOVE = YES;
				CLANG_WARN_UNGUARDED_AVAILABILITY = YES_AGGRESSIVE;
				CLANG_WARN_UNREACHABLE_CODE = YES;
				CLANG_WARN__DUPLICATE_METHOD_MATCH = YES;
				COPY_PHASE_STRIP = NO;
				DEBUG_INFORMATION_FORMAT = dwarf;
				ENABLE_STRICT_OBJC_MSGSEND = YES;
				ENABLE_TESTABILITY = YES;
				GCC_C_LANGUAGE_STANDARD = gnu11;
				GCC_DYNAMIC_NO_PIC = NO;
				GCC_NO_COMMON_BLOCKS = YES;
				GCC_OPTIMIZATION_LEVEL = 0;
				GCC_PREPROCESSOR_DEFINITIONS = (
					"DEBUG=1",
					"$(inherited)",
				);
				GCC_WARN_64_TO_32_BIT_CONVERSION = YES;
				GCC_WARN_ABOUT_RETURN_TYPE = YES_ERROR;
				GCC_WARN_UNDECLARED_SELECTOR = YES;
				GCC_WARN_UNINITIALIZED_AUTOS = YES_AGGRESSIVE;
				GCC_WARN_UNUSED_FUNCTION = YES;
				GCC_WARN_UNUSED_VARIABLE = YES;
				IPHONEOS_DEPLOYMENT_TARGET = 14.4;
				MTL_ENABLE_DEBUG_INFO = INCLUDE_SOURCE;
				MTL_FAST_MATH = YES;
				ONLY_ACTIVE_ARCH = YES;
				SDKROOT = iphoneos;
				SWIFT_ACTIVE_COMPILATION_CONDITIONS = DEBUG;
				SWIFT_OPTIMIZATION_LEVEL = "-Onone";
			};
			name = Debug;
		};
		AE1B11BA25D2EA9200FDC346 /* Release */ = {
			isa = XCBuildConfiguration;
			buildSettings = {
				ALWAYS_SEARCH_USER_PATHS = NO;
				CLANG_ANALYZER_NONNULL = YES;
				CLANG_ANALYZER_NUMBER_OBJECT_CONVERSION = YES_AGGRESSIVE;
				CLANG_CXX_LANGUAGE_STANDARD = "gnu++14";
				CLANG_CXX_LIBRARY = "libc++";
				CLANG_ENABLE_MODULES = YES;
				CLANG_ENABLE_OBJC_ARC = YES;
				CLANG_ENABLE_OBJC_WEAK = YES;
				CLANG_WARN_BLOCK_CAPTURE_AUTORELEASING = YES;
				CLANG_WARN_BOOL_CONVERSION = YES;
				CLANG_WARN_COMMA = YES;
				CLANG_WARN_CONSTANT_CONVERSION = YES;
				CLANG_WARN_DEPRECATED_OBJC_IMPLEMENTATIONS = YES;
				CLANG_WARN_DIRECT_OBJC_ISA_USAGE = YES_ERROR;
				CLANG_WARN_DOCUMENTATION_COMMENTS = YES;
				CLANG_WARN_EMPTY_BODY = YES;
				CLANG_WARN_ENUM_CONVERSION = YES;
				CLANG_WARN_INFINITE_RECURSION = YES;
				CLANG_WARN_INT_CONVERSION = YES;
				CLANG_WARN_NON_LITERAL_NULL_CONVERSION = YES;
				CLANG_WARN_OBJC_IMPLICIT_RETAIN_SELF = YES;
				CLANG_WARN_OBJC_LITERAL_CONVERSION = YES;
				CLANG_WARN_OBJC_ROOT_CLASS = YES_ERROR;
				CLANG_WARN_QUOTED_INCLUDE_IN_FRAMEWORK_HEADER = YES;
				CLANG_WARN_RANGE_LOOP_ANALYSIS = YES;
				CLANG_WARN_STRICT_PROTOTYPES = YES;
				CLANG_WARN_SUSPICIOUS_MOVE = YES;
				CLANG_WARN_UNGUARDED_AVAILABILITY = YES_AGGRESSIVE;
				CLANG_WARN_UNREACHABLE_CODE = YES;
				CLANG_WARN__DUPLICATE_METHOD_MATCH = YES;
				COPY_PHASE_STRIP = NO;
				DEBUG_INFORMATION_FORMAT = "dwarf-with-dsym";
				ENABLE_NS_ASSERTIONS = NO;
				ENABLE_STRICT_OBJC_MSGSEND = YES;
				GCC_C_LANGUAGE_STANDARD = gnu11;
				GCC_NO_COMMON_BLOCKS = YES;
				GCC_WARN_64_TO_32_BIT_CONVERSION = YES;
				GCC_WARN_ABOUT_RETURN_TYPE = YES_ERROR;
				GCC_WARN_UNDECLARED_SELECTOR = YES;
				GCC_WARN_UNINITIALIZED_AUTOS = YES_AGGRESSIVE;
				GCC_WARN_UNUSED_FUNCTION = YES;
				GCC_WARN_UNUSED_VARIABLE = YES;
				IPHONEOS_DEPLOYMENT_TARGET = 14.4;
				MTL_ENABLE_DEBUG_INFO = NO;
				MTL_FAST_MATH = YES;
				SDKROOT = iphoneos;
				SWIFT_COMPILATION_MODE = wholemodule;
				SWIFT_OPTIMIZATION_LEVEL = "-O";
				VALIDATE_PRODUCT = YES;
			};
			name = Release;
		};
		AE1B11BC25D2EA9200FDC346 /* Debug */ = {
			isa = XCBuildConfiguration;
			buildSettings = {
				ASSETCATALOG_COMPILER_APPICON_NAME = AppIcon;
				ASSETCATALOG_COMPILER_GLOBAL_ACCENT_COLOR_NAME = AccentColor;
				CODE_SIGN_STYLE = Automatic;
				DEVELOPMENT_TEAM = J62PVJ69GK;
				INFOPLIST_FILE = Twitter/Info.plist;
				LD_RUNPATH_SEARCH_PATHS = (
					"$(inherited)",
					"@executable_path/Frameworks",
				);
				PRODUCT_BUNDLE_IDENTIFIER = amirzigangaraev.Twitter;
				PRODUCT_NAME = "$(TARGET_NAME)";
				SWIFT_VERSION = 5.0;
				TARGETED_DEVICE_FAMILY = "1,2";
			};
			name = Debug;
		};
		AE1B11BD25D2EA9200FDC346 /* Release */ = {
			isa = XCBuildConfiguration;
			buildSettings = {
				ASSETCATALOG_COMPILER_APPICON_NAME = AppIcon;
				ASSETCATALOG_COMPILER_GLOBAL_ACCENT_COLOR_NAME = AccentColor;
				CODE_SIGN_STYLE = Automatic;
				DEVELOPMENT_TEAM = J62PVJ69GK;
				INFOPLIST_FILE = Twitter/Info.plist;
				LD_RUNPATH_SEARCH_PATHS = (
					"$(inherited)",
					"@executable_path/Frameworks",
				);
				PRODUCT_BUNDLE_IDENTIFIER = amirzigangaraev.Twitter;
				PRODUCT_NAME = "$(TARGET_NAME)";
				SWIFT_VERSION = 5.0;
				TARGETED_DEVICE_FAMILY = "1,2";
			};
			name = Release;
		};
/* End XCBuildConfiguration section */

/* Begin XCConfigurationList section */
		AE1B11A225D2EA9100FDC346 /* Build configuration list for PBXProject "Twitter" */ = {
			isa = XCConfigurationList;
			buildConfigurations = (
				AE1B11B925D2EA9200FDC346 /* Debug */,
				AE1B11BA25D2EA9200FDC346 /* Release */,
			);
			defaultConfigurationIsVisible = 0;
			defaultConfigurationName = Release;
		};
		AE1B11BB25D2EA9200FDC346 /* Build configuration list for PBXNativeTarget "Twitter" */ = {
			isa = XCConfigurationList;
			buildConfigurations = (
				AE1B11BC25D2EA9200FDC346 /* Debug */,
				AE1B11BD25D2EA9200FDC346 /* Release */,
			);
			defaultConfigurationIsVisible = 0;
			defaultConfigurationName = Release;
		};
/* End XCConfigurationList section */
	};
	rootObject = AE1B119F25D2EA9100FDC346 /* Project object */;
}
